
Microsoft Visual Studio Solution File, Format Version 12.00
# Visual Studio Version 16
VisualStudioVersion = 16.0.31321.278
MinimumVisualStudioVersion = 10.0.40219.1
Project("{9A19103F-16F7-4668-BE54-9A1E7A4F7556}") = "ArnabDeveloper.AsyncAwaitDemo.Core", "ArnabDeveloper.AsyncAwaitDemo.Core\ArnabDeveloper.AsyncAwaitDemo.Core.csproj", "{7A9908F3-42BF-4EED-B678-670CFDBDC297}"
EndProject
Project("{9A19103F-16F7-4668-BE54-9A1E7A4F7556}") = "ArnabDeveloper.AsyncAwaitDemo.CoreTests", "ArnabDeveloper.AsyncAwaitDemo.CoreTests\ArnabDeveloper.AsyncAwaitDemo.CoreTests.csproj", "{9A13C980-D000-45D7-B52F-CCC3D51150A3}"
EndProject
Project("{2150E333-8FDC-42A3-9474-1A3956D46DE8}") = "Solution Items", "Solution Items", "{3840B2C6-99E8-4B4B-BD37-E057F6E0DA36}"
	ProjectSection(SolutionItems) = preProject
		.gitattributes = .gitattributes
		.gitignore = .gitignore
		.github\workflows\ci-cd.yml = .github\workflows\ci-cd.yml
		README.md = README.md
	EndProjectSection
EndProject
Global
	GlobalSection(SolutionConfigurationPlatforms) = preSolution
		Debug|Any CPU = Debug|Any CPU
		Release|Any CPU = Release|Any CPU
	EndGlobalSection
	GlobalSection(ProjectConfigurationPlatforms) = postSolution
		{7A9908F3-42BF-4EED-B678-670CFDBDC297}.Debug|Any CPU.ActiveCfg = Debug|Any CPU
		{7A9908F3-42BF-4EED-B678-670CFDBDC297}.Debug|Any CPU.Build.0 = Debug|Any CPU
		{7A9908F3-42BF-4EED-B678-670CFDBDC297}.Release|Any CPU.ActiveCfg = Release|Any CPU
		{7A9908F3-42BF-4EED-B678-670CFDBDC297}.Release|Any CPU.Build.0 = Release|Any CPU
		{9A13C980-D000-45D7-B52F-CCC3D51150A3}.Debug|Any CPU.ActiveCfg = Debug|Any CPU
		{9A13C980-D000-45D7-B52F-CCC3D51150A3}.Debug|Any CPU.Build.0 = Debug|Any CPU
		{9A13C980-D000-45D7-B52F-CCC3D51150A3}.Release|Any CPU.ActiveCfg = Release|Any CPU
		{9A13C980-D000-45D7-B52F-CCC3D51150A3}.Release|Any CPU.Build.0 = Release|Any CPU
	EndGlobalSection
	GlobalSection(SolutionProperties) = preSolution
		HideSolutionNode = FALSE
	EndGlobalSection
	GlobalSection(ExtensibilityGlobals) = postSolution
		SolutionGuid = {548EFEB8-0BB0-41F6-B3D9-5EA60D5D4D44}
	EndGlobalSection
EndGlobal
